// !$*UTF8*$!
{
	archiveVersion = 1;
	classes = {
	};
	objectVersion = 47;
	objects = {

/* Begin PBXBuildFile section */
		217E533B1BAAAE7A00F29265 /* AppDelegate.m in Sources */ = {isa = PBXBuildFile; fileRef = 217E53121BAAAE7A00F29265 /* AppDelegate.m */; };
		217E533C1BAAAE7A00F29265 /* LaunchScreen.xib in Resources */ = {isa = PBXBuildFile; fileRef = 217E53131BAAAE7A00F29265 /* LaunchScreen.xib */; };
		217E533D1BAAAE7A00F29265 /* Main.storyboard in Resources */ = {isa = PBXBuildFile; fileRef = 217E53151BAAAE7A00F29265 /* Main.storyboard */; };
		217E533E1BAAAE7A00F29265 /* Channel.m in Sources */ = {isa = PBXBuildFile; fileRef = 217E53191BAAAE7A00F29265 /* Channel.m */; };
		217E533F1BAAAE7A00F29265 /* ChannelView.m in Sources */ = {isa = PBXBuildFile; fileRef = 217E531B1BAAAE7A00F29265 /* ChannelView.m */; };
		217E53401BAAAE7A00F29265 /* Images.xcassets in Resources */ = {isa = PBXBuildFile; fileRef = 217E531C1BAAAE7A00F29265 /* Images.xcassets */; };
		217E53421BAAAE7A00F29265 /* main.m in Sources */ = {isa = PBXBuildFile; fileRef = 217E531E1BAAAE7A00F29265 /* main.m */; };
		217E53431BAAAE7A00F29265 /* playrtc_icon_128.png in Resources */ = {isa = PBXBuildFile; fileRef = 217E53201BAAAE7A00F29265 /* playrtc_icon_128.png */; };
		217E53441BAAAE7A00F29265 /* CanvasUtil.m in Sources */ = {isa = PBXBuildFile; fileRef = 217E53231BAAAE7A00F29265 /* CanvasUtil.m */; };
		217E53451BAAAE7A00F29265 /* MainViewController.m in Sources */ = {isa = PBXBuildFile; fileRef = 217E53261BAAAE7A00F29265 /* MainViewController.m */; };
		217E53461BAAAE7A00F29265 /* PlayRTCViewController.m in Sources */ = {isa = PBXBuildFile; fileRef = 217E53281BAAAE7A00F29265 /* PlayRTCViewController.m */; };
		217E53471BAAAE7A00F29265 /* PlayRTCViewController_PlayRTC.m in Sources */ = {isa = PBXBuildFile; fileRef = 217E532A1BAAAE7A00F29265 /* PlayRTCViewController_PlayRTC.m */; };
		217E53481BAAAE7A00F29265 /* PlayRTCViewController_UILayout.m in Sources */ = {isa = PBXBuildFile; fileRef = 217E532C1BAAAE7A00F29265 /* PlayRTCViewController_UILayout.m */; };
		217E53491BAAAE7A00F29265 /* ExButton.m in Sources */ = {isa = PBXBuildFile; fileRef = 217E53301BAAAE7A00F29265 /* ExButton.m */; };
		217E534A1BAAAE7A00F29265 /* ExLabel.m in Sources */ = {isa = PBXBuildFile; fileRef = 217E53321BAAAE7A00F29265 /* ExLabel.m */; };
		217E534B1BAAAE7A00F29265 /* ExTabButton.m in Sources */ = {isa = PBXBuildFile; fileRef = 217E53341BAAAE7A00F29265 /* ExTabButton.m */; };
		217E534C1BAAAE7A00F29265 /* ExTableCell.m in Sources */ = {isa = PBXBuildFile; fileRef = 217E53361BAAAE7A00F29265 /* ExTableCell.m */; };
		217E534D1BAAAE7A00F29265 /* ExTableView.m in Sources */ = {isa = PBXBuildFile; fileRef = 217E53381BAAAE7A00F29265 /* ExTableView.m */; };
		217E534E1BAAAE7A00F29265 /* ExTextView.m in Sources */ = {isa = PBXBuildFile; fileRef = 217E533A1BAAAE7A00F29265 /* ExTextView.m */; };
		217E53501BAAAEED00F29265 /* UIKit.framework in Frameworks */ = {isa = PBXBuildFile; fileRef = 217E534F1BAAAEED00F29265 /* UIKit.framework */; };
		217E53571BAAAF6F00F29265 /* Foundation.framework in Frameworks */ = {isa = PBXBuildFile; fileRef = 217E53561BAAAF6F00F29265 /* Foundation.framework */; };
		217E53591BAAAF7D00F29265 /* OpenGLES.framework in Frameworks */ = {isa = PBXBuildFile; fileRef = 217E53581BAAAF7D00F29265 /* OpenGLES.framework */; };
		217E535B1BAAAF9100F29265 /* Security.framework in Frameworks */ = {isa = PBXBuildFile; fileRef = 217E535A1BAAAF9100F29265 /* Security.framework */; };
		217E535D1BAAAF9D00F29265 /* VideoToolbox.framework in Frameworks */ = {isa = PBXBuildFile; fileRef = 217E535C1BAAAF9D00F29265 /* VideoToolbox.framework */; };
		217E535F1BAAAFA500F29265 /* AudioToolbox.framework in Frameworks */ = {isa = PBXBuildFile; fileRef = 217E535E1BAAAFA500F29265 /* AudioToolbox.framework */; };
		217E53611BAAAFAE00F29265 /* CoreTelephony.framework in Frameworks */ = {isa = PBXBuildFile; fileRef = 217E53601BAAAFAE00F29265 /* CoreTelephony.framework */; };
		217E53631BAAAFB700F29265 /* CoreFoundation.framework in Frameworks */ = {isa = PBXBuildFile; fileRef = 217E53621BAAAFB700F29265 /* CoreFoundation.framework */; };
		217E53651BAAAFC700F29265 /* AVFoundation.framework in Frameworks */ = {isa = PBXBuildFile; fileRef = 217E53641BAAAFC700F29265 /* AVFoundation.framework */; };
		217E53671BAAAFCF00F29265 /* CoreVideo.framework in Frameworks */ = {isa = PBXBuildFile; fileRef = 217E53661BAAAFCF00F29265 /* CoreVideo.framework */; };
		217E53691BAAAFD800F29265 /* GLKit.framework in Frameworks */ = {isa = PBXBuildFile; fileRef = 217E53681BAAAFD800F29265 /* GLKit.framework */; };
		217E536B1BAAAFE100F29265 /* CoreAudio.framework in Frameworks */ = {isa = PBXBuildFile; fileRef = 217E536A1BAAAFE100F29265 /* CoreAudio.framework */; };
		217E536D1BAAAFED00F29265 /* CoreMedia.framework in Frameworks */ = {isa = PBXBuildFile; fileRef = 217E536C1BAAAFED00F29265 /* CoreMedia.framework */; };
		217E536F1BAAB00300F29265 /* MobileCoreServices.framework in Frameworks */ = {isa = PBXBuildFile; fileRef = 217E536E1BAAB00300F29265 /* MobileCoreServices.framework */; };
		217E53711BAAB00C00F29265 /* SystemConfiguration.framework in Frameworks */ = {isa = PBXBuildFile; fileRef = 217E53701BAAB00B00F29265 /* SystemConfiguration.framework */; };
		217E53731BAAB01500F29265 /* CFNetwork.framework in Frameworks */ = {isa = PBXBuildFile; fileRef = 217E53721BAAB01500F29265 /* CFNetwork.framework */; };
		217E53751BAAB01D00F29265 /* CoreGraphics.framework in Frameworks */ = {isa = PBXBuildFile; fileRef = 217E53741BAAB01D00F29265 /* CoreGraphics.framework */; };
		217E53771BAAB02400F29265 /* QuartzCore.framework in Frameworks */ = {isa = PBXBuildFile; fileRef = 217E53761BAAB02400F29265 /* QuartzCore.framework */; };
		33010EA61E13516C00849DF1 /* libPlayRTC.universal.r15011.2.2.9.a in Frameworks */ = {isa = PBXBuildFile; fileRef = 33010EA51E13516C00849DF1 /* libPlayRTC.universal.r15011.2.2.9.a */; };
		3348E88A1CFBECF100A7FED8 /* SnapshotLayerView.m in Sources */ = {isa = PBXBuildFile; fileRef = 3348E8891CFBECF100A7FED8 /* SnapshotLayerView.m */; };
		33E2D8551D9383420092F3C6 /* btn_radio_off.png in Resources */ = {isa = PBXBuildFile; fileRef = 33E2D8531D9383420092F3C6 /* btn_radio_off.png */; };
		33E2D8561D9383420092F3C6 /* btn_radio_on.png in Resources */ = {isa = PBXBuildFile; fileRef = 33E2D8541D9383420092F3C6 /* btn_radio_on.png */; };
/* End PBXBuildFile section */

/* Begin PBXFileReference section */
		217E53111BAAAE7A00F29265 /* AppDelegate.h */ = {isa = PBXFileReference; fileEncoding = 4; lastKnownFileType = sourcecode.c.h; path = AppDelegate.h; sourceTree = "<group>"; };
		217E53121BAAAE7A00F29265 /* AppDelegate.m */ = {isa = PBXFileReference; fileEncoding = 4; lastKnownFileType = sourcecode.c.objc; path = AppDelegate.m; sourceTree = "<group>"; };
		217E53141BAAAE7A00F29265 /* Base */ = {isa = PBXFileReference; lastKnownFileType = file.xib; name = Base; path = Base.lproj/LaunchScreen.xib; sourceTree = "<group>"; };
		217E53161BAAAE7A00F29265 /* Base */ = {isa = PBXFileReference; lastKnownFileType = file.storyboard; name = Base; path = Base.lproj/Main.storyboard; sourceTree = "<group>"; };
		217E53181BAAAE7A00F29265 /* Channel.h */ = {isa = PBXFileReference; fileEncoding = 4; lastKnownFileType = sourcecode.c.h; path = Channel.h; sourceTree = "<group>"; };
		217E53191BAAAE7A00F29265 /* Channel.m */ = {isa = PBXFileReference; fileEncoding = 4; lastKnownFileType = sourcecode.c.objc; path = Channel.m; sourceTree = "<group>"; };
		217E531A1BAAAE7A00F29265 /* ChannelView.h */ = {isa = PBXFileReference; fileEncoding = 4; lastKnownFileType = sourcecode.c.h; path = ChannelView.h; sourceTree = "<group>"; };
		217E531B1BAAAE7A00F29265 /* ChannelView.m */ = {isa = PBXFileReference; fileEncoding = 4; lastKnownFileType = sourcecode.c.objc; path = ChannelView.m; sourceTree = "<group>"; };
		217E531C1BAAAE7A00F29265 /* Images.xcassets */ = {isa = PBXFileReference; lastKnownFileType = folder.assetcatalog; path = Images.xcassets; sourceTree = "<group>"; };
		217E531E1BAAAE7A00F29265 /* main.m */ = {isa = PBXFileReference; fileEncoding = 4; lastKnownFileType = sourcecode.c.objc; path = main.m; sourceTree = "<group>"; };
		217E53201BAAAE7A00F29265 /* playrtc_icon_128.png */ = {isa = PBXFileReference; lastKnownFileType = image.png; path = playrtc_icon_128.png; sourceTree = "<group>"; };
		217E53221BAAAE7A00F29265 /* CanvasUtil.h */ = {isa = PBXFileReference; fileEncoding = 4; lastKnownFileType = sourcecode.c.h; path = CanvasUtil.h; sourceTree = "<group>"; };
		217E53231BAAAE7A00F29265 /* CanvasUtil.m */ = {isa = PBXFileReference; fileEncoding = 4; lastKnownFileType = sourcecode.c.objc; path = CanvasUtil.m; sourceTree = "<group>"; };
		217E53251BAAAE7A00F29265 /* MainViewController.h */ = {isa = PBXFileReference; fileEncoding = 4; lastKnownFileType = sourcecode.c.h; path = MainViewController.h; sourceTree = "<group>"; };
		217E53261BAAAE7A00F29265 /* MainViewController.m */ = {isa = PBXFileReference; fileEncoding = 4; lastKnownFileType = sourcecode.c.objc; path = MainViewController.m; sourceTree = "<group>"; };
		217E53271BAAAE7A00F29265 /* PlayRTCViewController.h */ = {isa = PBXFileReference; fileEncoding = 4; lastKnownFileType = sourcecode.c.h; path = PlayRTCViewController.h; sourceTree = "<group>"; };
		217E53281BAAAE7A00F29265 /* PlayRTCViewController.m */ = {isa = PBXFileReference; fileEncoding = 4; lastKnownFileType = sourcecode.c.objc; path = PlayRTCViewController.m; sourceTree = "<group>"; };
		217E53291BAAAE7A00F29265 /* PlayRTCViewController_PlayRTC.h */ = {isa = PBXFileReference; fileEncoding = 4; lastKnownFileType = sourcecode.c.h; path = PlayRTCViewController_PlayRTC.h; sourceTree = "<group>"; };
		217E532A1BAAAE7A00F29265 /* PlayRTCViewController_PlayRTC.m */ = {isa = PBXFileReference; fileEncoding = 4; lastKnownFileType = sourcecode.c.objc; path = PlayRTCViewController_PlayRTC.m; sourceTree = "<group>"; };
		217E532B1BAAAE7A00F29265 /* PlayRTCViewController_UILayout.h */ = {isa = PBXFileReference; fileEncoding = 4; lastKnownFileType = sourcecode.c.h; path = PlayRTCViewController_UILayout.h; sourceTree = "<group>"; };
		217E532C1BAAAE7A00F29265 /* PlayRTCViewController_UILayout.m */ = {isa = PBXFileReference; fileEncoding = 4; lastKnownFileType = sourcecode.c.objc; path = PlayRTCViewController_UILayout.m; sourceTree = "<group>"; };
		217E532F1BAAAE7A00F29265 /* ExButton.h */ = {isa = PBXFileReference; fileEncoding = 4; lastKnownFileType = sourcecode.c.h; path = ExButton.h; sourceTree = "<group>"; };
		217E53301BAAAE7A00F29265 /* ExButton.m */ = {isa = PBXFileReference; fileEncoding = 4; lastKnownFileType = sourcecode.c.objc; path = ExButton.m; sourceTree = "<group>"; };
		217E53311BAAAE7A00F29265 /* ExLabel.h */ = {isa = PBXFileReference; fileEncoding = 4; lastKnownFileType = sourcecode.c.h; path = ExLabel.h; sourceTree = "<group>"; };
		217E53321BAAAE7A00F29265 /* ExLabel.m */ = {isa = PBXFileReference; fileEncoding = 4; lastKnownFileType = sourcecode.c.objc; path = ExLabel.m; sourceTree = "<group>"; };
		217E53331BAAAE7A00F29265 /* ExTabButton.h */ = {isa = PBXFileReference; fileEncoding = 4; lastKnownFileType = sourcecode.c.h; path = ExTabButton.h; sourceTree = "<group>"; };
		217E53341BAAAE7A00F29265 /* ExTabButton.m */ = {isa = PBXFileReference; fileEncoding = 4; lastKnownFileType = sourcecode.c.objc; path = ExTabButton.m; sourceTree = "<group>"; };
		217E53351BAAAE7A00F29265 /* ExTableCell.h */ = {isa = PBXFileReference; fileEncoding = 4; lastKnownFileType = sourcecode.c.h; path = ExTableCell.h; sourceTree = "<group>"; };
		217E53361BAAAE7A00F29265 /* ExTableCell.m */ = {isa = PBXFileReference; fileEncoding = 4; lastKnownFileType = sourcecode.c.objc; path = ExTableCell.m; sourceTree = "<group>"; };
		217E53371BAAAE7A00F29265 /* ExTableView.h */ = {isa = PBXFileReference; fileEncoding = 4; lastKnownFileType = sourcecode.c.h; path = ExTableView.h; sourceTree = "<group>"; };
		217E53381BAAAE7A00F29265 /* ExTableView.m */ = {isa = PBXFileReference; fileEncoding = 4; lastKnownFileType = sourcecode.c.objc; path = ExTableView.m; sourceTree = "<group>"; };
		217E53391BAAAE7A00F29265 /* ExTextView.h */ = {isa = PBXFileReference; fileEncoding = 4; lastKnownFileType = sourcecode.c.h; path = ExTextView.h; sourceTree = "<group>"; };
		217E533A1BAAAE7A00F29265 /* ExTextView.m */ = {isa = PBXFileReference; fileEncoding = 4; lastKnownFileType = sourcecode.c.objc; path = ExTextView.m; sourceTree = "<group>"; };
		217E534F1BAAAEED00F29265 /* UIKit.framework */ = {isa = PBXFileReference; lastKnownFileType = wrapper.framework; name = UIKit.framework; path = System/Library/Frameworks/UIKit.framework; sourceTree = SDKROOT; };
		217E53561BAAAF6F00F29265 /* Foundation.framework */ = {isa = PBXFileReference; lastKnownFileType = wrapper.framework; name = Foundation.framework; path = System/Library/Frameworks/Foundation.framework; sourceTree = SDKROOT; };
		217E53581BAAAF7D00F29265 /* OpenGLES.framework */ = {isa = PBXFileReference; lastKnownFileType = wrapper.framework; name = OpenGLES.framework; path = System/Library/Frameworks/OpenGLES.framework; sourceTree = SDKROOT; };
		217E535A1BAAAF9100F29265 /* Security.framework */ = {isa = PBXFileReference; lastKnownFileType = wrapper.framework; name = Security.framework; path = System/Library/Frameworks/Security.framework; sourceTree = SDKROOT; };
		217E535C1BAAAF9D00F29265 /* VideoToolbox.framework */ = {isa = PBXFileReference; lastKnownFileType = wrapper.framework; name = VideoToolbox.framework; path = System/Library/Frameworks/VideoToolbox.framework; sourceTree = SDKROOT; };
		217E535E1BAAAFA500F29265 /* AudioToolbox.framework */ = {isa = PBXFileReference; lastKnownFileType = wrapper.framework; name = AudioToolbox.framework; path = System/Library/Frameworks/AudioToolbox.framework; sourceTree = SDKROOT; };
		217E53601BAAAFAE00F29265 /* CoreTelephony.framework */ = {isa = PBXFileReference; lastKnownFileType = wrapper.framework; name = CoreTelephony.framework; path = System/Library/Frameworks/CoreTelephony.framework; sourceTree = SDKROOT; };
		217E53621BAAAFB700F29265 /* CoreFoundation.framework */ = {isa = PBXFileReference; lastKnownFileType = wrapper.framework; name = CoreFoundation.framework; path = System/Library/Frameworks/CoreFoundation.framework; sourceTree = SDKROOT; };
		217E53641BAAAFC700F29265 /* AVFoundation.framework */ = {isa = PBXFileReference; lastKnownFileType = wrapper.framework; name = AVFoundation.framework; path = System/Library/Frameworks/AVFoundation.framework; sourceTree = SDKROOT; };
		217E53661BAAAFCF00F29265 /* CoreVideo.framework */ = {isa = PBXFileReference; lastKnownFileType = wrapper.framework; name = CoreVideo.framework; path = System/Library/Frameworks/CoreVideo.framework; sourceTree = SDKROOT; };
		217E53681BAAAFD800F29265 /* GLKit.framework */ = {isa = PBXFileReference; lastKnownFileType = wrapper.framework; name = GLKit.framework; path = System/Library/Frameworks/GLKit.framework; sourceTree = SDKROOT; };
		217E536A1BAAAFE100F29265 /* CoreAudio.framework */ = {isa = PBXFileReference; lastKnownFileType = wrapper.framework; name = CoreAudio.framework; path = System/Library/Frameworks/CoreAudio.framework; sourceTree = SDKROOT; };
		217E536C1BAAAFED00F29265 /* CoreMedia.framework */ = {isa = PBXFileReference; lastKnownFileType = wrapper.framework; name = CoreMedia.framework; path = System/Library/Frameworks/CoreMedia.framework; sourceTree = SDKROOT; };
		217E536E1BAAB00300F29265 /* MobileCoreServices.framework */ = {isa = PBXFileReference; lastKnownFileType = wrapper.framework; name = MobileCoreServices.framework; path = System/Library/Frameworks/MobileCoreServices.framework; sourceTree = SDKROOT; };
		217E53701BAAB00B00F29265 /* SystemConfiguration.framework */ = {isa = PBXFileReference; lastKnownFileType = wrapper.framework; name = SystemConfiguration.framework; path = System/Library/Frameworks/SystemConfiguration.framework; sourceTree = SDKROOT; };
		217E53721BAAB01500F29265 /* CFNetwork.framework */ = {isa = PBXFileReference; lastKnownFileType = wrapper.framework; name = CFNetwork.framework; path = System/Library/Frameworks/CFNetwork.framework; sourceTree = SDKROOT; };
		217E53741BAAB01D00F29265 /* CoreGraphics.framework */ = {isa = PBXFileReference; lastKnownFileType = wrapper.framework; name = CoreGraphics.framework; path = System/Library/Frameworks/CoreGraphics.framework; sourceTree = SDKROOT; };
		217E53761BAAB02400F29265 /* QuartzCore.framework */ = {isa = PBXFileReference; lastKnownFileType = wrapper.framework; name = QuartzCore.framework; path = System/Library/Frameworks/QuartzCore.framework; sourceTree = SDKROOT; };
		33010EA51E13516C00849DF1 /* libPlayRTC.universal.r15011.2.2.9.a */ = {isa = PBXFileReference; lastKnownFileType = archive.ar; name = libPlayRTC.universal.r15011.2.2.9.a; path = "../PlayRTC-IOS-SDK/libPlayRTC.universal.r15011.2.2.9.a"; sourceTree = "<group>"; };
		3348E8881CFBECF100A7FED8 /* SnapshotLayerView.h */ = {isa = PBXFileReference; fileEncoding = 4; lastKnownFileType = sourcecode.c.h; name = SnapshotLayerView.h; path = PlayRTCSample/View/SnapshotLayerView.h; sourceTree = SOURCE_ROOT; };
		3348E8891CFBECF100A7FED8 /* SnapshotLayerView.m */ = {isa = PBXFileReference; fileEncoding = 4; lastKnownFileType = sourcecode.c.objc; name = SnapshotLayerView.m; path = PlayRTCSample/View/SnapshotLayerView.m; sourceTree = SOURCE_ROOT; };
		337B0A751C1FFACD009CD308 /* PlayRTC.h */ = {isa = PBXFileReference; fileEncoding = 4; lastKnownFileType = sourcecode.c.h; name = PlayRTC.h; path = "../PlayRTC-IOS-SDK/public/PlayRTC.h"; sourceTree = "<group>"; };
		337B0A761C1FFACD009CD308 /* PlayRTCConfig.h */ = {isa = PBXFileReference; fileEncoding = 4; lastKnownFileType = sourcecode.c.h; name = PlayRTCConfig.h; path = "../PlayRTC-IOS-SDK/public/PlayRTCConfig.h"; sourceTree = "<group>"; };
		337B0A771C1FFACD009CD308 /* PlayRTCData.h */ = {isa = PBXFileReference; fileEncoding = 4; lastKnownFileType = sourcecode.c.h; name = PlayRTCData.h; path = "../PlayRTC-IOS-SDK/public/PlayRTCData.h"; sourceTree = "<group>"; };
		337B0A781C1FFACD009CD308 /* PlayRTCDataHeader.h */ = {isa = PBXFileReference; fileEncoding = 4; lastKnownFileType = sourcecode.c.h; name = PlayRTCDataHeader.h; path = "../PlayRTC-IOS-SDK/public/PlayRTCDataHeader.h"; sourceTree = "<group>"; };
		337B0A791C1FFACD009CD308 /* PlayRTCDataObserver.h */ = {isa = PBXFileReference; fileEncoding = 4; lastKnownFileType = sourcecode.c.h; name = PlayRTCDataObserver.h; path = "../PlayRTC-IOS-SDK/public/PlayRTCDataObserver.h"; sourceTree = "<group>"; };
		337B0A7A1C1FFACD009CD308 /* PlayRTCDataSendObserver.h */ = {isa = PBXFileReference; fileEncoding = 4; lastKnownFileType = sourcecode.c.h; name = PlayRTCDataSendObserver.h; path = "../PlayRTC-IOS-SDK/public/PlayRTCDataSendObserver.h"; sourceTree = "<group>"; };
		337B0A7B1C1FFACD009CD308 /* PlayRTCDefine.h */ = {isa = PBXFileReference; fileEncoding = 4; lastKnownFileType = sourcecode.c.h; name = PlayRTCDefine.h; path = "../PlayRTC-IOS-SDK/public/PlayRTCDefine.h"; sourceTree = "<group>"; };
		337B0A7C1C1FFACD009CD308 /* PlayRTCFactory.h */ = {isa = PBXFileReference; fileEncoding = 4; lastKnownFileType = sourcecode.c.h; name = PlayRTCFactory.h; path = "../PlayRTC-IOS-SDK/public/PlayRTCFactory.h"; sourceTree = "<group>"; };
		337B0A7D1C1FFACD009CD308 /* PlayRTCMedia.h */ = {isa = PBXFileReference; fileEncoding = 4; lastKnownFileType = sourcecode.c.h; name = PlayRTCMedia.h; path = "../PlayRTC-IOS-SDK/public/PlayRTCMedia.h"; sourceTree = "<group>"; };
		337B0A7E1C1FFACD009CD308 /* PlayRTCObserver.h */ = {isa = PBXFileReference; fileEncoding = 4; lastKnownFileType = sourcecode.c.h; name = PlayRTCObserver.h; path = "../PlayRTC-IOS-SDK/public/PlayRTCObserver.h"; sourceTree = "<group>"; };
		337B0A7F1C1FFACD009CD308 /* PlayRTCReport.h */ = {isa = PBXFileReference; fileEncoding = 4; lastKnownFileType = sourcecode.c.h; name = PlayRTCReport.h; path = "../PlayRTC-IOS-SDK/public/PlayRTCReport.h"; sourceTree = "<group>"; };
		337B0A801C1FFACD009CD308 /* PlayRTCServiceHelperListener.h */ = {isa = PBXFileReference; fileEncoding = 4; lastKnownFileType = sourcecode.c.h; name = PlayRTCServiceHelperListener.h; path = "../PlayRTC-IOS-SDK/public/PlayRTCServiceHelperListener.h"; sourceTree = "<group>"; };
		337B0A811C1FFACD009CD308 /* PlayRTCSettings.h */ = {isa = PBXFileReference; fileEncoding = 4; lastKnownFileType = sourcecode.c.h; name = PlayRTCSettings.h; path = "../PlayRTC-IOS-SDK/public/PlayRTCSettings.h"; sourceTree = "<group>"; };
		337B0A821C1FFACD009CD308 /* PlayRTCStatReport.h */ = {isa = PBXFileReference; fileEncoding = 4; lastKnownFileType = sourcecode.c.h; name = PlayRTCStatReport.h; path = "../PlayRTC-IOS-SDK/public/PlayRTCStatReport.h"; sourceTree = "<group>"; };
		337B0A831C1FFACD009CD308 /* PlayRTCStatsReportObserver.h */ = {isa = PBXFileReference; fileEncoding = 4; lastKnownFileType = sourcecode.c.h; name = PlayRTCStatsReportObserver.h; path = "../PlayRTC-IOS-SDK/public/PlayRTCStatsReportObserver.h"; sourceTree = "<group>"; };
		337B0A841C1FFACD009CD308 /* PlayRTCVideoView.h */ = {isa = PBXFileReference; fileEncoding = 4; lastKnownFileType = sourcecode.c.h; name = PlayRTCVideoView.h; path = "../PlayRTC-IOS-SDK/public/PlayRTCVideoView.h"; sourceTree = "<group>"; };
		337B0A851C1FFACD009CD308 /* SDKEnvInfo.h */ = {isa = PBXFileReference; fileEncoding = 4; lastKnownFileType = sourcecode.c.h; name = SDKEnvInfo.h; path = "../PlayRTC-IOS-SDK/public/SDKEnvInfo.h"; sourceTree = "<group>"; };
		337B0A861C1FFBB0009CD308 /* libm.dylib */ = {isa = PBXFileReference; lastKnownFileType = "compiled.mach-o.dylib"; name = libm.dylib; path = usr/lib/libm.dylib; sourceTree = SDKROOT; };
		337B0A881C1FFBBF009CD308 /* libsqlite3.dylib */ = {isa = PBXFileReference; lastKnownFileType = "compiled.mach-o.dylib"; name = libsqlite3.dylib; path = usr/lib/libsqlite3.dylib; sourceTree = SDKROOT; };
		337B0A8A1C1FFBCC009CD308 /* libstdc++.dylib */ = {isa = PBXFileReference; lastKnownFileType = "compiled.mach-o.dylib"; name = "libstdc++.dylib"; path = "usr/lib/libstdc++.dylib"; sourceTree = SDKROOT; };
		337B0A8C1C1FFBD8009CD308 /* libicucore.dylib */ = {isa = PBXFileReference; lastKnownFileType = "compiled.mach-o.dylib"; name = libicucore.dylib; path = usr/lib/libicucore.dylib; sourceTree = SDKROOT; };
		337B0A8E1C1FFBE3009CD308 /* libc++.dylib */ = {isa = PBXFileReference; lastKnownFileType = "compiled.mach-o.dylib"; name = "libc++.dylib"; path = "usr/lib/libc++.dylib"; sourceTree = SDKROOT; };
		33E2D8531D9383420092F3C6 /* btn_radio_off.png */ = {isa = PBXFileReference; lastKnownFileType = image.png; path = btn_radio_off.png; sourceTree = "<group>"; };
		33E2D8541D9383420092F3C6 /* btn_radio_on.png */ = {isa = PBXFileReference; lastKnownFileType = image.png; path = btn_radio_on.png; sourceTree = "<group>"; };
		33FAEDD21B79B352004C5579 /* PlayRTCSample.app */ = {isa = PBXFileReference; explicitFileType = wrapper.application; includeInIndex = 0; path = PlayRTCSample.app; sourceTree = BUILT_PRODUCTS_DIR; };
/* End PBXFileReference section */

/* Begin PBXFrameworksBuildPhase section */
		33FAEDCF1B79B352004C5579 /* Frameworks */ = {
			isa = PBXFrameworksBuildPhase;
			buildActionMask = 2147483647;
			files = (
				217E535D1BAAAF9D00F29265 /* VideoToolbox.framework in Frameworks */,
				217E53771BAAB02400F29265 /* QuartzCore.framework in Frameworks */,
				217E53751BAAB01D00F29265 /* CoreGraphics.framework in Frameworks */,
				217E53731BAAB01500F29265 /* CFNetwork.framework in Frameworks */,
				217E53711BAAB00C00F29265 /* SystemConfiguration.framework in Frameworks */,
				217E536F1BAAB00300F29265 /* MobileCoreServices.framework in Frameworks */,
				217E53611BAAAFAE00F29265 /* CoreTelephony.framework in Frameworks */,
				217E536D1BAAAFED00F29265 /* CoreMedia.framework in Frameworks */,
				217E536B1BAAAFE100F29265 /* CoreAudio.framework in Frameworks */,
				217E53691BAAAFD800F29265 /* GLKit.framework in Frameworks */,
				217E53671BAAAFCF00F29265 /* CoreVideo.framework in Frameworks */,
				217E53651BAAAFC700F29265 /* AVFoundation.framework in Frameworks */,
				217E53631BAAAFB700F29265 /* CoreFoundation.framework in Frameworks */,
				33010EA61E13516C00849DF1 /* libPlayRTC.universal.r15011.2.2.9.a in Frameworks */,
				217E535F1BAAAFA500F29265 /* AudioToolbox.framework in Frameworks */,
				217E535B1BAAAF9100F29265 /* Security.framework in Frameworks */,
				217E53591BAAAF7D00F29265 /* OpenGLES.framework in Frameworks */,
				217E53571BAAAF6F00F29265 /* Foundation.framework in Frameworks */,
				217E53501BAAAEED00F29265 /* UIKit.framework in Frameworks */,
			);
			runOnlyForDeploymentPostprocessing = 0;
		};
/* End PBXFrameworksBuildPhase section */

/* Begin PBXGroup section */
		217E53101BAAAE7A00F29265 /* PlayRTCSample */ = {
			isa = PBXGroup;
			children = (
				217E53111BAAAE7A00F29265 /* AppDelegate.h */,
				217E53121BAAAE7A00F29265 /* AppDelegate.m */,
				217E53131BAAAE7A00F29265 /* LaunchScreen.xib */,
				217E53151BAAAE7A00F29265 /* Main.storyboard */,
				217E53171BAAAE7A00F29265 /* Channel */,
				217E531C1BAAAE7A00F29265 /* Images.xcassets */,
				217E531E1BAAAE7A00F29265 /* main.m */,
				217E531F1BAAAE7A00F29265 /* Resource */,
				217E53211BAAAE7A00F29265 /* Utils */,
				217E53241BAAAE7A00F29265 /* ViewController */,
				217E532D1BAAAE7A00F29265 /* Views */,
				217E532E1BAAAE7A00F29265 /* Widget */,
			);
			path = PlayRTCSample;
			sourceTree = "<group>";
		};
		217E53171BAAAE7A00F29265 /* Channel */ = {
			isa = PBXGroup;
			children = (
				217E53181BAAAE7A00F29265 /* Channel.h */,
				217E53191BAAAE7A00F29265 /* Channel.m */,
				217E531A1BAAAE7A00F29265 /* ChannelView.h */,
				217E531B1BAAAE7A00F29265 /* ChannelView.m */,
			);
			path = Channel;
			sourceTree = "<group>";
		};
		217E531F1BAAAE7A00F29265 /* Resource */ = {
			isa = PBXGroup;
			children = (
				33E2D8531D9383420092F3C6 /* btn_radio_off.png */,
				33E2D8541D9383420092F3C6 /* btn_radio_on.png */,
				217E53201BAAAE7A00F29265 /* playrtc_icon_128.png */,
			);
			path = Resource;
			sourceTree = "<group>";
		};
		217E53211BAAAE7A00F29265 /* Utils */ = {
			isa = PBXGroup;
			children = (
				217E53221BAAAE7A00F29265 /* CanvasUtil.h */,
				217E53231BAAAE7A00F29265 /* CanvasUtil.m */,
			);
			path = Utils;
			sourceTree = "<group>";
		};
		217E53241BAAAE7A00F29265 /* ViewController */ = {
			isa = PBXGroup;
			children = (
				217E53251BAAAE7A00F29265 /* MainViewController.h */,
				217E53261BAAAE7A00F29265 /* MainViewController.m */,
				217E53271BAAAE7A00F29265 /* PlayRTCViewController.h */,
				217E53281BAAAE7A00F29265 /* PlayRTCViewController.m */,
				217E53291BAAAE7A00F29265 /* PlayRTCViewController_PlayRTC.h */,
				217E532A1BAAAE7A00F29265 /* PlayRTCViewController_PlayRTC.m */,
				217E532B1BAAAE7A00F29265 /* PlayRTCViewController_UILayout.h */,
				217E532C1BAAAE7A00F29265 /* PlayRTCViewController_UILayout.m */,
			);
			path = ViewController;
			sourceTree = "<group>";
		};
		217E532D1BAAAE7A00F29265 /* Views */ = {
			isa = PBXGroup;
			children = (
				3348E8881CFBECF100A7FED8 /* SnapshotLayerView.h */,
				3348E8891CFBECF100A7FED8 /* SnapshotLayerView.m */,
			);
			path = Views;
			sourceTree = "<group>";
		};
		217E532E1BAAAE7A00F29265 /* Widget */ = {
			isa = PBXGroup;
			children = (
				217E532F1BAAAE7A00F29265 /* ExButton.h */,
				217E53301BAAAE7A00F29265 /* ExButton.m */,
				217E53311BAAAE7A00F29265 /* ExLabel.h */,
				217E53321BAAAE7A00F29265 /* ExLabel.m */,
				217E53331BAAAE7A00F29265 /* ExTabButton.h */,
				217E53341BAAAE7A00F29265 /* ExTabButton.m */,
				217E53351BAAAE7A00F29265 /* ExTableCell.h */,
				217E53361BAAAE7A00F29265 /* ExTableCell.m */,
				217E53371BAAAE7A00F29265 /* ExTableView.h */,
				217E53381BAAAE7A00F29265 /* ExTableView.m */,
				217E53391BAAAE7A00F29265 /* ExTextView.h */,
				217E533A1BAAAE7A00F29265 /* ExTextView.m */,
			);
			path = Widget;
			sourceTree = "<group>";
		};
		217E53551BAAAF5000F29265 /* Frameworks */ = {
			isa = PBXGroup;
			children = (
				337B0A8E1C1FFBE3009CD308 /* libc++.dylib */,
				337B0A8C1C1FFBD8009CD308 /* libicucore.dylib */,
				337B0A8A1C1FFBCC009CD308 /* libstdc++.dylib */,
				337B0A881C1FFBBF009CD308 /* libsqlite3.dylib */,
				337B0A861C1FFBB0009CD308 /* libm.dylib */,
				217E53761BAAB02400F29265 /* QuartzCore.framework */,
				217E53741BAAB01D00F29265 /* CoreGraphics.framework */,
				217E53721BAAB01500F29265 /* CFNetwork.framework */,
				217E53701BAAB00B00F29265 /* SystemConfiguration.framework */,
				217E536E1BAAB00300F29265 /* MobileCoreServices.framework */,
				217E536C1BAAAFED00F29265 /* CoreMedia.framework */,
				217E536A1BAAAFE100F29265 /* CoreAudio.framework */,
				217E53681BAAAFD800F29265 /* GLKit.framework */,
				217E53661BAAAFCF00F29265 /* CoreVideo.framework */,
				217E53641BAAAFC700F29265 /* AVFoundation.framework */,
				217E53621BAAAFB700F29265 /* CoreFoundation.framework */,
				217E53601BAAAFAE00F29265 /* CoreTelephony.framework */,
				217E535E1BAAAFA500F29265 /* AudioToolbox.framework */,
				217E535C1BAAAF9D00F29265 /* VideoToolbox.framework */,
				217E535A1BAAAF9100F29265 /* Security.framework */,
				217E53581BAAAF7D00F29265 /* OpenGLES.framework */,
				217E53561BAAAF6F00F29265 /* Foundation.framework */,
				217E534F1BAAAEED00F29265 /* UIKit.framework */,
			);
			name = Frameworks;
			sourceTree = "<group>";
		};
		332C33EA1B79C25200D67DA8 /* PlayRTC */ = {
			isa = PBXGroup;
			children = (
				33010EA51E13516C00849DF1 /* libPlayRTC.universal.r15011.2.2.9.a */,
				332C33EB1B79C25E00D67DA8 /* public */,
			);
			name = PlayRTC;
			sourceTree = "<group>";
		};
		332C33EB1B79C25E00D67DA8 /* public */ = {
			isa = PBXGroup;
			children = (
				337B0A751C1FFACD009CD308 /* PlayRTC.h */,
				337B0A761C1FFACD009CD308 /* PlayRTCConfig.h */,
				337B0A771C1FFACD009CD308 /* PlayRTCData.h */,
				337B0A781C1FFACD009CD308 /* PlayRTCDataHeader.h */,
				337B0A791C1FFACD009CD308 /* PlayRTCDataObserver.h */,
				337B0A7A1C1FFACD009CD308 /* PlayRTCDataSendObserver.h */,
				337B0A7B1C1FFACD009CD308 /* PlayRTCDefine.h */,
				337B0A7C1C1FFACD009CD308 /* PlayRTCFactory.h */,
				337B0A7D1C1FFACD009CD308 /* PlayRTCMedia.h */,
				337B0A7E1C1FFACD009CD308 /* PlayRTCObserver.h */,
				337B0A7F1C1FFACD009CD308 /* PlayRTCReport.h */,
				337B0A801C1FFACD009CD308 /* PlayRTCServiceHelperListener.h */,
				337B0A811C1FFACD009CD308 /* PlayRTCSettings.h */,
				337B0A821C1FFACD009CD308 /* PlayRTCStatReport.h */,
				337B0A831C1FFACD009CD308 /* PlayRTCStatsReportObserver.h */,
				337B0A841C1FFACD009CD308 /* PlayRTCVideoView.h */,
				337B0A851C1FFACD009CD308 /* SDKEnvInfo.h */,
			);
			name = public;
			sourceTree = "<group>";
		};
		33FAEDC91B79B352004C5579 = {
			isa = PBXGroup;
			children = (
				217E53551BAAAF5000F29265 /* Frameworks */,
				332C33EA1B79C25200D67DA8 /* PlayRTC */,
				217E53101BAAAE7A00F29265 /* PlayRTCSample */,
				33FAEDD31B79B352004C5579 /* Products */,
			);
			sourceTree = "<group>";
		};
		33FAEDD31B79B352004C5579 /* Products */ = {
			isa = PBXGroup;
			children = (
				33FAEDD21B79B352004C5579 /* PlayRTCSample.app */,
			);
			name = Products;
			sourceTree = "<group>";
		};
/* End PBXGroup section */

/* Begin PBXNativeTarget section */
		33FAEDD11B79B352004C5579 /* PlayRTCSample */ = {
			isa = PBXNativeTarget;
			buildConfigurationList = 33FAEDF51B79B353004C5579 /* Build configuration list for PBXNativeTarget "PlayRTCSample" */;
			buildPhases = (
				33FAEDCE1B79B352004C5579 /* Sources */,
				33FAEDCF1B79B352004C5579 /* Frameworks */,
				33FAEDD01B79B352004C5579 /* Resources */,
			);
			buildRules = (
			);
			dependencies = (
			);
			name = PlayRTCSample;
			productName = PlayRTCSDKSample;
			productReference = 33FAEDD21B79B352004C5579 /* PlayRTCSample.app */;
			productType = "com.apple.product-type.application";
		};
/* End PBXNativeTarget section */

/* Begin PBXProject section */
		33FAEDCA1B79B352004C5579 /* Project object */ = {
			isa = PBXProject;
			attributes = {
				LastUpgradeCheck = 0700;
				ORGANIZATIONNAME = SKTelecom;
				TargetAttributes = {
					33FAEDD11B79B352004C5579 = {
						CreatedOnToolsVersion = 6.4;
						DevelopmentTeam = JEEXRMT46Y;
						SystemCapabilities = {
							com.apple.BackgroundModes = {
								enabled = 1;
							};
						};
					};
				};
			};
			buildConfigurationList = 33FAEDCD1B79B352004C5579 /* Build configuration list for PBXProject "PlayRTCSample" */;
			compatibilityVersion = "Xcode 6.3";
			developmentRegion = English;
			hasScannedForEncodings = 0;
			knownRegions = (
				en,
				Base,
			);
			mainGroup = 33FAEDC91B79B352004C5579;
			productRefGroup = 33FAEDD31B79B352004C5579 /* Products */;
			projectDirPath = "";
			projectRoot = "";
			targets = (
				33FAEDD11B79B352004C5579 /* PlayRTCSample */,
			);
		};
/* End PBXProject section */

/* Begin PBXResourcesBuildPhase section */
		33FAEDD01B79B352004C5579 /* Resources */ = {
			isa = PBXResourcesBuildPhase;
			buildActionMask = 2147483647;
			files = (
				217E533D1BAAAE7A00F29265 /* Main.storyboard in Resources */,
				217E53401BAAAE7A00F29265 /* Images.xcassets in Resources */,
				33E2D8551D9383420092F3C6 /* btn_radio_off.png in Resources */,
				33E2D8561D9383420092F3C6 /* btn_radio_on.png in Resources */,
				217E53431BAAAE7A00F29265 /* playrtc_icon_128.png in Resources */,
				217E533C1BAAAE7A00F29265 /* LaunchScreen.xib in Resources */,
			);
			runOnlyForDeploymentPostprocessing = 0;
		};
/* End PBXResourcesBuildPhase section */

/* Begin PBXSourcesBuildPhase section */
		33FAEDCE1B79B352004C5579 /* Sources */ = {
			isa = PBXSourcesBuildPhase;
			buildActionMask = 2147483647;
			files = (
				217E534A1BAAAE7A00F29265 /* ExLabel.m in Sources */,
				217E53481BAAAE7A00F29265 /* PlayRTCViewController_UILayout.m in Sources */,
				217E53441BAAAE7A00F29265 /* CanvasUtil.m in Sources */,
				217E53451BAAAE7A00F29265 /* MainViewController.m in Sources */,
				217E534B1BAAAE7A00F29265 /* ExTabButton.m in Sources */,
				217E533B1BAAAE7A00F29265 /* AppDelegate.m in Sources */,
				3348E88A1CFBECF100A7FED8 /* SnapshotLayerView.m in Sources */,
				217E534C1BAAAE7A00F29265 /* ExTableCell.m in Sources */,
				217E533F1BAAAE7A00F29265 /* ChannelView.m in Sources */,
				217E534D1BAAAE7A00F29265 /* ExTableView.m in Sources */,
				217E53461BAAAE7A00F29265 /* PlayRTCViewController.m in Sources */,
				217E53421BAAAE7A00F29265 /* main.m in Sources */,
				217E53471BAAAE7A00F29265 /* PlayRTCViewController_PlayRTC.m in Sources */,
				217E534E1BAAAE7A00F29265 /* ExTextView.m in Sources */,
				217E53491BAAAE7A00F29265 /* ExButton.m in Sources */,
				217E533E1BAAAE7A00F29265 /* Channel.m in Sources */,
			);
			runOnlyForDeploymentPostprocessing = 0;
		};
/* End PBXSourcesBuildPhase section */

/* Begin PBXVariantGroup section */
		217E53131BAAAE7A00F29265 /* LaunchScreen.xib */ = {
			isa = PBXVariantGroup;
			children = (
				217E53141BAAAE7A00F29265 /* Base */,
			);
			name = LaunchScreen.xib;
			sourceTree = "<group>";
		};
		217E53151BAAAE7A00F29265 /* Main.storyboard */ = {
			isa = PBXVariantGroup;
			children = (
				217E53161BAAAE7A00F29265 /* Base */,
			);
			name = Main.storyboard;
			sourceTree = "<group>";
		};
/* End PBXVariantGroup section */

/* Begin XCBuildConfiguration section */
		33FAEDF31B79B353004C5579 /* Debug */ = {
			isa = XCBuildConfiguration;
			buildSettings = {
				ALWAYS_SEARCH_USER_PATHS = NO;
				CLANG_CXX_LANGUAGE_STANDARD = "gnu++0x";
				CLANG_CXX_LIBRARY = "libc++";
				CLANG_ENABLE_MODULES = YES;
				CLANG_ENABLE_OBJC_ARC = YES;
				CLANG_WARN_BOOL_CONVERSION = YES;
				CLANG_WARN_CONSTANT_CONVERSION = YES;
				CLANG_WARN_DIRECT_OBJC_ISA_USAGE = YES_ERROR;
				CLANG_WARN_EMPTY_BODY = YES;
				CLANG_WARN_ENUM_CONVERSION = YES;
				CLANG_WARN_INT_CONVERSION = YES;
				CLANG_WARN_OBJC_ROOT_CLASS = YES_ERROR;
				CLANG_WARN_UNREACHABLE_CODE = YES;
				CLANG_WARN__DUPLICATE_METHOD_MATCH = YES;
				CODE_SIGN_IDENTITY = "iPhone Developer: Doo-wook Im (Z48Z99LCPG)";
				"CODE_SIGN_IDENTITY[sdk=iphoneos*]" = "iPhone Developer";
				COPY_PHASE_STRIP = NO;
				DEBUG_INFORMATION_FORMAT = "dwarf-with-dsym";
				ENABLE_BITCODE = NO;
				ENABLE_STRICT_OBJC_MSGSEND = YES;
				ENABLE_TESTABILITY = YES;
				GCC_C_LANGUAGE_STANDARD = gnu99;
				GCC_DYNAMIC_NO_PIC = NO;
				GCC_NO_COMMON_BLOCKS = YES;
				GCC_OPTIMIZATION_LEVEL = 0;
				GCC_PREPROCESSOR_DEFINITIONS = (
					"DEBUG=1",
					"$(inherited)",
				);
				GCC_SYMBOLS_PRIVATE_EXTERN = NO;
				GCC_WARN_64_TO_32_BIT_CONVERSION = YES;
				GCC_WARN_ABOUT_RETURN_TYPE = YES_ERROR;
				GCC_WARN_UNDECLARED_SELECTOR = YES;
				GCC_WARN_UNINITIALIZED_AUTOS = YES_AGGRESSIVE;
				GCC_WARN_UNUSED_FUNCTION = YES;
				GCC_WARN_UNUSED_VARIABLE = YES;
				IPHONEOS_DEPLOYMENT_TARGET = 8.4;
				MTL_ENABLE_DEBUG_INFO = YES;
				ONLY_ACTIVE_ARCH = YES;
				SDKROOT = iphoneos;
				TARGETED_DEVICE_FAMILY = "1,2";
			};
			name = Debug;
		};
		33FAEDF41B79B353004C5579 /* Release */ = {
			isa = XCBuildConfiguration;
			buildSettings = {
				ALWAYS_SEARCH_USER_PATHS = NO;
				CLANG_CXX_LANGUAGE_STANDARD = "gnu++0x";
				CLANG_CXX_LIBRARY = "libc++";
				CLANG_ENABLE_MODULES = YES;
				CLANG_ENABLE_OBJC_ARC = YES;
				CLANG_WARN_BOOL_CONVERSION = YES;
				CLANG_WARN_CONSTANT_CONVERSION = YES;
				CLANG_WARN_DIRECT_OBJC_ISA_USAGE = YES_ERROR;
				CLANG_WARN_EMPTY_BODY = YES;
				CLANG_WARN_ENUM_CONVERSION = YES;
				CLANG_WARN_INT_CONVERSION = YES;
				CLANG_WARN_OBJC_ROOT_CLASS = YES_ERROR;
				CLANG_WARN_UNREACHABLE_CODE = YES;
				CLANG_WARN__DUPLICATE_METHOD_MATCH = YES;
				CODE_SIGN_IDENTITY = "iPhone Developer: Doo-wook Im (Z48Z99LCPG)";
				"CODE_SIGN_IDENTITY[sdk=iphoneos*]" = "iPhone Developer";
				COPY_PHASE_STRIP = NO;
				DEBUG_INFORMATION_FORMAT = "dwarf-with-dsym";
				ENABLE_BITCODE = NO;
				ENABLE_NS_ASSERTIONS = NO;
				ENABLE_STRICT_OBJC_MSGSEND = YES;
				GCC_C_LANGUAGE_STANDARD = gnu99;
				GCC_NO_COMMON_BLOCKS = YES;
				GCC_WARN_64_TO_32_BIT_CONVERSION = YES;
				GCC_WARN_ABOUT_RETURN_TYPE = YES_ERROR;
				GCC_WARN_UNDECLARED_SELECTOR = YES;
				GCC_WARN_UNINITIALIZED_AUTOS = YES_AGGRESSIVE;
				GCC_WARN_UNUSED_FUNCTION = YES;
				GCC_WARN_UNUSED_VARIABLE = YES;
				IPHONEOS_DEPLOYMENT_TARGET = 8.4;
				MTL_ENABLE_DEBUG_INFO = NO;
				SDKROOT = iphoneos;
				TARGETED_DEVICE_FAMILY = "1,2";
				VALIDATE_PRODUCT = YES;
			};
			name = Release;
		};
		33FAEDF61B79B353004C5579 /* Debug */ = {
			isa = XCBuildConfiguration;
			buildSettings = {
				ASSETCATALOG_COMPILER_APPICON_NAME = AppIcon;
				CLANG_CXX_LANGUAGE_STANDARD = "c++0x";
				CLANG_ENABLE_MODULES = NO;
				CLANG_LINK_OBJC_RUNTIME = NO;
				CLANG_WARN_BOOL_CONVERSION = NO;
				CLANG_WARN_CONSTANT_CONVERSION = NO;
				CODE_SIGN_IDENTITY = "iPhone Developer";
				DEVELOPMENT_TEAM = JEEXRMT46Y;
				ENABLE_NS_ASSERTIONS = YES;
				ENABLE_STRICT_OBJC_MSGSEND = NO;
				GCC_CW_ASM_SYNTAX = NO;
				GCC_C_LANGUAGE_STANDARD = c99;
				GCC_ENABLE_CPP_EXCEPTIONS = NO;
				GCC_ENABLE_CPP_RTTI = NO;
				GCC_ENABLE_PASCAL_STRINGS = NO;
				GCC_NO_COMMON_BLOCKS = NO;
				GCC_PRECOMPILE_PREFIX_HEADER = NO;
				GCC_SYMBOLS_PRIVATE_EXTERN = YES;
				GCC_THREADSAFE_STATICS = NO;
				HEADER_SEARCH_PATHS = (
					"$(inherited)",
					/Applications/Xcode.app/Contents/Developer/Toolchains/XcodeDefault.xctoolchain/usr/include,
					"$(PROJECT_DIR)/PlayRTC/public",
				);
				INFOPLIST_FILE = "$(SRCROOT)/PlayRTCSample/Info.plist";
				IPHONEOS_DEPLOYMENT_TARGET = 8.0;
				LD_RUNPATH_SEARCH_PATHS = "$(inherited) @executable_path/Frameworks";
				LIBRARY_SEARCH_PATHS = (
					"$(inherited)",
					"$(PROJECT_DIR)/PlayRTC",
					"/Users/ds3grk/workspace/ios/PlayRTC-SDK/webrtc-libs/r9720",
					"/Users/ds3grk/workspace/PlayRTC-Sample-Github/PlayRTC-IOS-SDK",
				);
				ONLY_ACTIVE_ARCH = NO;
				OTHER_LDFLAGS = (
					"-ObjC",
					"-lsqlite3",
					"-lm",
					"-lstdc++",
					"-licucore",
					"-lc++",
				);
				PRODUCT_BUNDLE_IDENTIFIER = com.bd.playrtcdemo.PlayRTCDemo;
				PRODUCT_NAME = PlayRTCSample;
				TARGETED_DEVICE_FAMILY = 1;
				VALID_ARCHS = "armv7 armv7s arm64";
			};
			name = Debug;
		};
		33FAEDF71B79B353004C5579 /* Release */ = {
			isa = XCBuildConfiguration;
			buildSettings = {
				ASSETCATALOG_COMPILER_APPICON_NAME = AppIcon;
				CLANG_CXX_LANGUAGE_STANDARD = "c++0x";
				CLANG_ENABLE_MODULES = NO;
				CLANG_LINK_OBJC_RUNTIME = NO;
				CLANG_WARN_BOOL_CONVERSION = NO;
				CLANG_WARN_CONSTANT_CONVERSION = NO;
				CODE_SIGN_IDENTITY = "iPhone Developer";
				DEVELOPMENT_TEAM = JEEXRMT46Y;
				ENABLE_NS_ASSERTIONS = YES;
				ENABLE_STRICT_OBJC_MSGSEND = NO;
				GCC_CW_ASM_SYNTAX = NO;
				GCC_C_LANGUAGE_STANDARD = c99;
				GCC_ENABLE_CPP_EXCEPTIONS = NO;
				GCC_ENABLE_CPP_RTTI = NO;
				GCC_ENABLE_PASCAL_STRINGS = NO;
				GCC_NO_COMMON_BLOCKS = NO;
				GCC_PRECOMPILE_PREFIX_HEADER = NO;
				GCC_SYMBOLS_PRIVATE_EXTERN = YES;
				GCC_THREADSAFE_STATICS = NO;
				HEADER_SEARCH_PATHS = (
					"$(inherited)",
					/Applications/Xcode.app/Contents/Developer/Toolchains/XcodeDefault.xctoolchain/usr/include,
					"$(PROJECT_DIR)/PlayRTC/public",
				);
				INFOPLIST_FILE = "$(SRCROOT)/PlayRTCSample/Info.plist";
				IPHONEOS_DEPLOYMENT_TARGET = 8.0;
				LD_RUNPATH_SEARCH_PATHS = "$(inherited) @executable_path/Frameworks";
				LIBRARY_SEARCH_PATHS = (
					"$(inherited)",
					"$(PROJECT_DIR)/PlayRTC",
					"/Users/ds3grk/workspace/ios/PlayRTC-SDK/webrtc-libs/r9720",
					"/Users/ds3grk/workspace/PlayRTC-Sample-Github/PlayRTC-IOS-SDK",
				);
				OTHER_LDFLAGS = (
					"-ObjC",
					"-lsqlite3",
					"-lm",
					"-lstdc++",
					"-licucore",
					"-lc++",
				);
				PRODUCT_BUNDLE_IDENTIFIER = com.bd.playrtcdemo.PlayRTCDemo;
				PRODUCT_NAME = PlayRTCSample;
				TARGETED_DEVICE_FAMILY = 1;
				VALID_ARCHS = "armv7 armv7s arm64";
			};
			name = Release;
		};
/* End XCBuildConfiguration section */

/* Begin XCConfigurationList section */
		33FAEDCD1B79B352004C5579 /* Build configuration list for PBXProject "PlayRTCSample" */ = {
			isa = XCConfigurationList;
			buildConfigurations = (
				33FAEDF31B79B353004C5579 /* Debug */,
				33FAEDF41B79B353004C5579 /* Release */,
			);
			defaultConfigurationIsVisible = 0;
			defaultConfigurationName = Release;
		};
		33FAEDF51B79B353004C5579 /* Build configuration list for PBXNativeTarget "PlayRTCSample" */ = {
			isa = XCConfigurationList;
			buildConfigurations = (
				33FAEDF61B79B353004C5579 /* Debug */,
				33FAEDF71B79B353004C5579 /* Release */,
			);
			defaultConfigurationIsVisible = 0;
			defaultConfigurationName = Release;
		};
/* End XCConfigurationList section */
	};
	rootObject = 33FAEDCA1B79B352004C5579 /* Project object */;
}
